{
  "name": "SampleApp",
  "version": "0.0.1",
  "lockfileVersion": 1,
  "requires": true,
  "dependencies": {
    "react-native-ionicons": {
      "version": "4.6.1",
      "resolved": "https://registry.npmjs.org/react-native-ionicons/-/react-native-ionicons-4.6.1.tgz",
      "integrity": "sha512-tLIWsBnOG7lXj6rwFZp6iqXA7/OpxkK0Rtq+3xL8JZoppYWdvFjswK8Qi4uWJUm1o34jc9xSnIvaf2kTu+3J3Q=="
    }
  }
}
